
Microsoft Visual Studio Solution File, Format Version 12.00
# Visual Studio Version 17
VisualStudioVersion = 17.8.34525.116
MinimumVisualStudioVersion = 10.0.40219.1
Project("{FAE04EC0-301F-11D3-BF4B-00C04F79EFBC}") = "hussystoreAPI", "hussystoreAPI.csproj", "{78488C99-91BD-4389-A1A9-356ABA69697B}"
EndProject
Global
	GlobalSection(SolutionConfigurationPlatforms) = preSolution
		Debug|Any CPU = Debug|Any CPU
		Release|Any CPU = Release|Any CPU
	EndGlobalSection
	GlobalSection(ProjectConfigurationPlatforms) = postSolution
		{78488C99-91BD-4389-A1A9-356ABA69697B}.Debug|Any CPU.ActiveCfg = Debug|Any CPU
		{78488C99-91BD-4389-A1A9-356ABA69697B}.Debug|Any CPU.Build.0 = Debug|Any CPU
		{78488C99-91BD-4389-A1A9-356ABA69697B}.Release|Any CPU.ActiveCfg = Release|Any CPU
		{78488C99-91BD-4389-A1A9-356ABA69697B}.Release|Any CPU.Build.0 = Release|Any CPU
	EndGlobalSection
	GlobalSection(SolutionProperties) = preSolution
		HideSolutionNode = FALSE
	EndGlobalSection
	GlobalSection(ExtensibilityGlobals) = postSolution
		SolutionGuid = {B4E68A79-61C8-4EF7-99E6-E961104EEB95}
	EndGlobalSection
EndGlobal
